{
  "version": 4,
  "terraform_version": "1.5.2",
  "serial": 16,
  "lineage": "c0d36193-7d65-9898-ea23-4d8f24622fab",
  "outputs": {},
  "resources": [
    {
      "mode": "managed",
      "type": "aws_ebs_volume",
      "name": "ec2_instance_1",
      "provider": "provider[\"registry.terraform.io/hashicorp/aws\"]",
      "instances": [
        {
          "schema_version": 0,
          "attributes": {
            "arn": "arn:aws:ec2:ap-southeast-1:065147804054:volume/vol-031f260588914e6ea",
            "availability_zone": "ap-southeast-1b",
            "encrypted": false,
            "final_snapshot": false,
            "id": "vol-031f260588914e6ea",
            "iops": 3000,
            "kms_key_id": "",
            "multi_attach_enabled": false,
            "outpost_arn": "",
            "size": 100,
            "snapshot_id": "",
            "tags": {
              "Name": "new-mop-ec2-instance-dev-data"
            },
            "tags_all": {
              "Createby": "Ms. benja kuneepong created by terraform for test ALB",
              "Environment": "dev",
              "Name": "new-mop-ec2-instance-dev-data",
              "Owner": "cpall",
              "Project": "",
              "Service": "new",
              "System": "mop"
            },
            "throughput": 125,
            "timeouts": null,
            "type": "gp3"
          },
          "sensitive_attributes": [],
          "private": "eyJlMmJmYjczMC1lY2FhLTExZTYtOGY4OC0zNDM2M2JjN2M0YzAiOnsiY3JlYXRlIjozMDAwMDAwMDAwMDAsImRlbGV0ZSI6MzAwMDAwMDAwMDAwLCJ1cGRhdGUiOjMwMDAwMDAwMDAwMH19"
        }
      ]
    },
    {
      "mode": "managed",
      "type": "aws_instance",
      "name": "ec2-instance",
      "provider": "provider[\"registry.terraform.io/hashicorp/aws\"]",
      "instances": [
        {
          "schema_version": 1,
          "attributes": {
            "ami": "ami-07a6e3b1c102cdba8",
            "arn": "arn:aws:ec2:ap-southeast-1:065147804054:instance/i-0705cbe8bbb6ab849",
            "associate_public_ip_address": false,
            "availability_zone": "ap-southeast-1b",
            "capacity_reservation_specification": [
              {
                "capacity_reservation_preference": "open",
                "capacity_reservation_target": []
              }
            ],
            "cpu_core_count": 1,
            "cpu_options": [
              {
                "amd_sev_snp": "",
                "core_count": 1,
                "threads_per_core": 1
              }
            ],
            "cpu_threads_per_core": 1,
            "credit_specification": [
              {
                "cpu_credits": "standard"
              }
            ],
            "disable_api_stop": false,
            "disable_api_termination": false,
            "ebs_block_device": [],
            "ebs_optimized": false,
            "enclave_options": [
              {
                "enabled": false
              }
            ],
            "ephemeral_block_device": [],
            "get_password_data": false,
            "hibernation": false,
            "host_id": "",
            "host_resource_group_arn": null,
            "iam_instance_profile": "",
            "id": "i-0705cbe8bbb6ab849",
            "instance_initiated_shutdown_behavior": "stop",
            "instance_state": "running",
            "instance_type": "t2.micro",
            "ipv6_address_count": 0,
            "ipv6_addresses": [],
            "key_name": "ec2-aws",
            "launch_template": [],
            "maintenance_options": [
              {
                "auto_recovery": "default"
              }
            ],
            "metadata_options": [
              {
                "http_endpoint": "enabled",
                "http_put_response_hop_limit": 2,
                "http_tokens": "required",
                "instance_metadata_tags": "disabled"
              }
            ],
            "monitoring": false,
            "network_interface": [],
            "outpost_arn": "",
            "password_data": "",
            "placement_group": "",
            "placement_partition_number": 0,
            "primary_network_interface_id": "eni-05115993cadbdb1cf",
            "private_dns": "ip-172-19-194-146.ap-southeast-1.compute.internal",
            "private_dns_name_options": [
              {
                "enable_resource_name_dns_a_record": false,
                "enable_resource_name_dns_aaaa_record": false,
                "hostname_type": "ip-name"
              }
            ],
            "private_ip": "172.19.194.146",
            "public_dns": "",
            "public_ip": "",
            "root_block_device": [
              {
                "delete_on_termination": true,
                "device_name": "/dev/xvda",
                "encrypted": false,
                "iops": 3000,
                "kms_key_id": "",
                "tags": null,
                "throughput": 125,
                "volume_id": "vol-0dce3292cba33b523",
                "volume_size": 80,
                "volume_type": "gp3"
              }
            ],
            "secondary_private_ips": [],
            "security_groups": [],
            "source_dest_check": true,
            "subnet_id": "subnet-0e0da21c4fe17622f",
            "tags": {
              "DailyBackup": "Daily1",
              "Name": "new-mop-ec2-instance-dev-linux-server"
            },
            "tags_all": {
              "Createby": "Ms. benja kuneepong created by terraform for test ALB",
              "DailyBackup": "Daily1",
              "Environment": "dev",
              "Name": "new-mop-ec2-instance-dev-linux-server",
              "Owner": "cpall",
              "Project": "",
              "Service": "new",
              "System": "mop"
            },
            "tenancy": "default",
            "timeouts": null,
            "user_data": null,
            "user_data_base64": null,
            "user_data_replace_on_change": false,
            "volume_tags": {
              "Createby": "Ms. benja kuneepong created by terraform for test ALB",
              "Environment": "dev",
              "Name": "new-mop-ec2-instance-dev-linux-server-test",
              "Owner": "cpall",
              "Service": "new",
              "System": "mop"
            },
            "vpc_security_group_ids": [
              "sg-039e5e63b3465813b",
              "sg-084cb127654f78333"
            ]
          },
          "sensitive_attributes": [],
          "private": "eyJlMmJmYjczMC1lY2FhLTExZTYtOGY4OC0zNDM2M2JjN2M0YzAiOnsiY3JlYXRlIjo2MDAwMDAwMDAwMDAsImRlbGV0ZSI6MTIwMDAwMDAwMDAwMCwidXBkYXRlIjo2MDAwMDAwMDAwMDB9LCJzY2hlbWFfdmVyc2lvbiI6IjEifQ==",
          "dependencies": [
            "aws_key_pair.ec2-instance",
            "aws_security_group.ec2_linux",
            "aws_security_group.ec2_web"
          ]
        }
      ]
    },
    {
      "mode": "managed",
      "type": "aws_key_pair",
      "name": "ec2-instance",
      "provider": "provider[\"registry.terraform.io/hashicorp/aws\"]",
      "instances": [
        {
          "schema_version": 1,
          "attributes": {
            "arn": "arn:aws:ec2:ap-southeast-1:065147804054:key-pair/ec2-aws",
            "fingerprint": "3f:8c:2e:84:25:d4:2e:3c:7c:59:c9:9a:f8:8d:13:c4",
            "id": "ec2-aws",
            "key_name": "ec2-aws",
            "key_name_prefix": "",
            "key_pair_id": "key-021bd38950e5dd5fc",
            "key_type": "rsa",
            "public_key": "ssh-rsa AAAAB3NzaC1yc2EAAAADAQABAAABgQDLIFw7WjRivsI7yNAxEHrA92ubSbCFeVo1bMU273uJgweFvVMELnSFSgxJYoL1pi0YBTGauLTdN7mYV4AjWsfGvHYY5f8KWsOVWt0Ez2LMMbzu3huTDkn2b61hpzS60opz4jA/uW0fhBUz9c8x26rc2eyZzQx2AtLwA4YOwXQ8HQjYadJhf9pEhDgpFdkZ9ZUgt+mgvmcW6b2901yesT2GeFC6iGlcZYumv3Y8eONJfORL6tLnS3WVqyz5G6p3LHyxV1yz0sme4MYqkcwWZSmjE3azTAA64ZXrGhBTlhvfH1cAq+viYZVBL8ILmiFfJXkPVpX8pV1edlA3L8drgyKbdfZig6ppNNIFpxmq6Hl6utPpJgIFAb1g7k4tcOQzjw0QbpmUzv1B1hZ0Vna6o1YYM0sv7F7pj1Ji7qrUsTWVH44CiCy7dDnAqFimNl2vHerjAa2PjJJS2NRkGduy7m6EkckNVRRaOmurSmToWqF5fsW8ztc7eeQT+o96rFTKw88= benjakun@GOS-5CD917484N",
            "tags": null,
            "tags_all": {
              "Createby": "Ms. benja kuneepong created by terraform for test ALB",
              "Environment": "dev",
              "Owner": "cpall",
              "Project": "",
              "Service": "new",
              "System": "mop"
            }
          },
          "sensitive_attributes": [],
          "private": "eyJzY2hlbWFfdmVyc2lvbiI6IjEifQ=="
        }
      ]
    },
    {
      "mode": "managed",
      "type": "aws_s3_bucket",
      "name": "terraform_state_bucket",
      "provider": "provider[\"registry.terraform.io/hashicorp/aws\"]",
      "instances": [
        {
          "schema_version": 0,
          "attributes": {
            "acceleration_status": "",
            "acl": null,
            "arn": "arn:aws:s3:::new-mop-dev-terraform-state-bucket",
            "bucket": "new-mop-dev-terraform-state-bucket",
            "bucket_domain_name": "new-mop-dev-terraform-state-bucket.s3.amazonaws.com",
            "bucket_prefix": "",
            "bucket_regional_domain_name": "new-mop-dev-terraform-state-bucket.s3.ap-southeast-1.amazonaws.com",
            "cors_rule": [],
            "force_destroy": false,
            "grant": [
              {
                "id": "f86bd2d5724c808c1c0f0d788c6d0254e2e65d1b472fe78e4e8aa82bfa156148",
                "permissions": [
                  "FULL_CONTROL"
                ],
                "type": "CanonicalUser",
                "uri": ""
              }
            ],
            "hosted_zone_id": "Z3O0J2DXBE1FTB",
            "id": "new-mop-dev-terraform-state-bucket",
            "lifecycle_rule": [],
            "logging": [],
            "object_lock_configuration": [],
            "object_lock_enabled": false,
            "policy": "",
            "region": "ap-southeast-1",
            "replication_configuration": [],
            "request_payer": "BucketOwner",
            "server_side_encryption_configuration": [
              {
                "rule": [
                  {
                    "apply_server_side_encryption_by_default": [
                      {
                        "kms_master_key_id": "",
                        "sse_algorithm": "AES256"
                      }
                    ],
                    "bucket_key_enabled": false
                  }
                ]
              }
            ],
            "tags": {
              "Name": "new-mop-dev-terraform-state-bucket"
            },
            "tags_all": {
              "Createby": "Ms. benja kuneepong created by terraform for test ALB",
              "Environment": "dev",
              "Name": "new-mop-dev-terraform-state-bucket",
              "Owner": "cpall",
              "Service": "new",
              "System": "mop"
            },
            "timeouts": null,
            "versioning": [
              {
                "enabled": true,
                "mfa_delete": false
              }
            ],
            "website": [],
            "website_domain": null,
            "website_endpoint": null
          },
          "sensitive_attributes": [],
          "private": "eyJlMmJmYjczMC1lY2FhLTExZTYtOGY4OC0zNDM2M2JjN2M0YzAiOnsiY3JlYXRlIjoxMjAwMDAwMDAwMDAwLCJkZWxldGUiOjM2MDAwMDAwMDAwMDAsInJlYWQiOjEyMDAwMDAwMDAwMDAsInVwZGF0ZSI6MTIwMDAwMDAwMDAwMH19"
        }
      ]
    },
    {
      "mode": "managed",
      "type": "aws_s3_bucket_acl",
      "name": "terraform_state_bucket",
      "provider": "provider[\"registry.terraform.io/hashicorp/aws\"]",
      "instances": [
        {
          "schema_version": 0,
          "attributes": {
            "access_control_policy": [
              {
                "grant": [
                  {
                    "grantee": [
                      {
                        "display_name": "AWS_CPADev",
                        "email_address": "",
                        "id": "f86bd2d5724c808c1c0f0d788c6d0254e2e65d1b472fe78e4e8aa82bfa156148",
                        "type": "CanonicalUser",
                        "uri": ""
                      }
                    ],
                    "permission": "FULL_CONTROL"
                  }
                ],
                "owner": [
                  {
                    "display_name": "AWS_CPADev",
                    "id": "f86bd2d5724c808c1c0f0d788c6d0254e2e65d1b472fe78e4e8aa82bfa156148"
                  }
                ]
              }
            ],
            "acl": "private",
            "bucket": "new-mop-dev-terraform-state-bucket",
            "expected_bucket_owner": "",
            "id": "new-mop-dev-terraform-state-bucket,private"
          },
          "sensitive_attributes": [],
          "private": "bnVsbA==",
          "dependencies": [
            "aws_s3_bucket.terraform_state_bucket",
            "aws_s3_bucket_ownership_controls.terraform_state_bucket"
          ]
        }
      ]
    },
    {
      "mode": "managed",
      "type": "aws_s3_bucket_ownership_controls",
      "name": "terraform_state_bucket",
      "provider": "provider[\"registry.terraform.io/hashicorp/aws\"]",
      "instances": [
        {
          "schema_version": 0,
          "attributes": {
            "bucket": "new-mop-dev-terraform-state-bucket",
            "id": "new-mop-dev-terraform-state-bucket",
            "rule": [
              {
                "object_ownership": "ObjectWriter"
              }
            ]
          },
          "sensitive_attributes": [],
          "private": "bnVsbA==",
          "dependencies": [
            "aws_s3_bucket.terraform_state_bucket"
          ]
        }
      ]
    },
    {
      "mode": "managed",
      "type": "aws_s3_bucket_public_access_block",
      "name": "terraform_state_bucket",
      "provider": "provider[\"registry.terraform.io/hashicorp/aws\"]",
      "instances": [
        {
          "schema_version": 0,
          "attributes": {
            "block_public_acls": true,
            "block_public_policy": true,
            "bucket": "new-mop-dev-terraform-state-bucket",
            "id": "new-mop-dev-terraform-state-bucket",
            "ignore_public_acls": true,
            "restrict_public_buckets": true
          },
          "sensitive_attributes": [],
          "private": "bnVsbA==",
          "dependencies": [
            "aws_s3_bucket.terraform_state_bucket"
          ]
        }
      ]
    },
    {
      "mode": "managed",
      "type": "aws_s3_bucket_versioning",
      "name": "terraform_state_bucket",
      "provider": "provider[\"registry.terraform.io/hashicorp/aws\"]",
      "instances": [
        {
          "schema_version": 0,
          "attributes": {
            "bucket": "new-mop-dev-terraform-state-bucket",
            "expected_bucket_owner": "",
            "id": "new-mop-dev-terraform-state-bucket",
            "mfa": null,
            "versioning_configuration": [
              {
                "mfa_delete": "Disabled",
                "status": "Enabled"
              }
            ]
          },
          "sensitive_attributes": [],
          "private": "bnVsbA==",
          "dependencies": [
            "aws_s3_bucket.terraform_state_bucket"
          ]
        }
      ]
    },
    {
      "mode": "managed",
      "type": "aws_security_group",
      "name": "alb_sg",
      "provider": "provider[\"registry.terraform.io/hashicorp/aws\"]",
      "instances": [
        {
          "schema_version": 1,
          "attributes": {
            "arn": "arn:aws:ec2:ap-southeast-1:065147804054:security-group/sg-0abbcb2f8c50c665b",
            "description": "Security group for ALB",
            "egress": [
              {
                "cidr_blocks": [
                  "0.0.0.0/0"
                ],
                "description": "",
                "from_port": 0,
                "ipv6_cidr_blocks": [
                  "::/0"
                ],
                "prefix_list_ids": [],
                "protocol": "-1",
                "security_groups": [],
                "self": false,
                "to_port": 0
              }
            ],
            "id": "sg-0abbcb2f8c50c665b",
            "ingress": [
              {
                "cidr_blocks": [
                  "0.0.0.0/0"
                ],
                "description": "",
                "from_port": 443,
                "ipv6_cidr_blocks": [],
                "prefix_list_ids": [],
                "protocol": "tcp",
                "security_groups": [],
                "self": false,
                "to_port": 443
              },
              {
                "cidr_blocks": [
                  "0.0.0.0/0"
                ],
                "description": "",
                "from_port": 80,
                "ipv6_cidr_blocks": [],
                "prefix_list_ids": [],
                "protocol": "tcp",
                "security_groups": [],
                "self": false,
                "to_port": 80
              }
            ],
            "name": "alb_security_group_test",
            "name_prefix": "",
            "owner_id": "065147804054",
            "revoke_rules_on_delete": false,
            "tags": null,
            "tags_all": {
              "Createby": "Ms. benja kuneepong created by terraform for test ALB",
              "Environment": "dev",
              "Owner": "cpall",
              "Project": "",
              "Service": "new",
              "System": "mop"
            },
            "timeouts": null,
            "vpc_id": "vpc-05dd1a9fb77da4838"
          },
          "sensitive_attributes": [],
          "private": "eyJlMmJmYjczMC1lY2FhLTExZTYtOGY4OC0zNDM2M2JjN2M0YzAiOnsiY3JlYXRlIjo2MDAwMDAwMDAwMDAsImRlbGV0ZSI6OTAwMDAwMDAwMDAwfSwic2NoZW1hX3ZlcnNpb24iOiIxIn0="
        }
      ]
    },
    {
      "mode": "managed",
      "type": "aws_security_group",
      "name": "ec2_linux",
      "provider": "provider[\"registry.terraform.io/hashicorp/aws\"]",
      "instances": [
        {
          "schema_version": 1,
          "attributes": {
            "arn": "arn:aws:ec2:ap-southeast-1:065147804054:security-group/sg-039e5e63b3465813b",
            "description": "Allow ssh traffic to EC2 instances",
            "egress": [
              {
                "cidr_blocks": [
                  "0.0.0.0/0"
                ],
                "description": "",
                "from_port": 0,
                "ipv6_cidr_blocks": [
                  "::/0"
                ],
                "prefix_list_ids": [],
                "protocol": "-1",
                "security_groups": [],
                "self": false,
                "to_port": 0
              }
            ],
            "id": "sg-039e5e63b3465813b",
            "ingress": [
              {
                "cidr_blocks": [
                  "10.0.0.0/8"
                ],
                "description": "Allow ssh",
                "from_port": 22,
                "ipv6_cidr_blocks": [],
                "prefix_list_ids": [],
                "protocol": "tcp",
                "security_groups": [],
                "self": false,
                "to_port": 22
              },
              {
                "cidr_blocks": [],
                "description": "Allow all inside subnet",
                "from_port": 0,
                "ipv6_cidr_blocks": [],
                "prefix_list_ids": [],
                "protocol": "-1",
                "security_groups": [],
                "self": true,
                "to_port": 0
              }
            ],
            "name": "new-mop-ec2-linux-dev-securitygroup-test",
            "name_prefix": "",
            "owner_id": "065147804054",
            "revoke_rules_on_delete": false,
            "tags": {
              "Name": "new-mop-ec2-linux-dev-securitygroup"
            },
            "tags_all": {
              "Createby": "Ms. benja kuneepong created by terraform for test ALB",
              "Environment": "dev",
              "Name": "new-mop-ec2-linux-dev-securitygroup",
              "Owner": "cpall",
              "Project": "",
              "Service": "new",
              "System": "mop"
            },
            "timeouts": null,
            "vpc_id": "vpc-05dd1a9fb77da4838"
          },
          "sensitive_attributes": [],
          "private": "eyJlMmJmYjczMC1lY2FhLTExZTYtOGY4OC0zNDM2M2JjN2M0YzAiOnsiY3JlYXRlIjo2MDAwMDAwMDAwMDAsImRlbGV0ZSI6OTAwMDAwMDAwMDAwfSwic2NoZW1hX3ZlcnNpb24iOiIxIn0=",
          "create_before_destroy": true
        }
      ]
    },
    {
      "mode": "managed",
      "type": "aws_security_group",
      "name": "ec2_web",
      "provider": "provider[\"registry.terraform.io/hashicorp/aws\"]",
      "instances": [
        {
          "schema_version": 1,
          "attributes": {
            "arn": "arn:aws:ec2:ap-southeast-1:065147804054:security-group/sg-084cb127654f78333",
            "description": "Allow web traffic to EC2 instances",
            "egress": [
              {
                "cidr_blocks": [
                  "0.0.0.0/0"
                ],
                "description": "",
                "from_port": 0,
                "ipv6_cidr_blocks": [
                  "::/0"
                ],
                "prefix_list_ids": [],
                "protocol": "-1",
                "security_groups": [],
                "self": false,
                "to_port": 0
              }
            ],
            "id": "sg-084cb127654f78333",
            "ingress": [
              {
                "cidr_blocks": [
                  "0.0.0.0/0"
                ],
                "description": "Allow all",
                "from_port": 443,
                "ipv6_cidr_blocks": [
                  "::/0"
                ],
                "prefix_list_ids": [],
                "protocol": "tcp",
                "security_groups": [],
                "self": false,
                "to_port": 443
              },
              {
                "cidr_blocks": [
                  "0.0.0.0/0"
                ],
                "description": "Allow all",
                "from_port": 80,
                "ipv6_cidr_blocks": [
                  "::/0"
                ],
                "prefix_list_ids": [],
                "protocol": "tcp",
                "security_groups": [],
                "self": false,
                "to_port": 80
              }
            ],
            "name": "new-mop-ec2-web-dev-securitygroup-test",
            "name_prefix": "",
            "owner_id": "065147804054",
            "revoke_rules_on_delete": false,
            "tags": {
              "Name": "new-mop-ec2-web-dev-securitygroup"
            },
            "tags_all": {
              "Createby": "Ms. benja kuneepong created by terraform for test ALB",
              "Environment": "dev",
              "Name": "new-mop-ec2-web-dev-securitygroup",
              "Owner": "cpall",
              "Project": "",
              "Service": "new",
              "System": "mop"
            },
            "timeouts": null,
            "vpc_id": "vpc-05dd1a9fb77da4838"
          },
          "sensitive_attributes": [],
          "private": "eyJlMmJmYjczMC1lY2FhLTExZTYtOGY4OC0zNDM2M2JjN2M0YzAiOnsiY3JlYXRlIjo2MDAwMDAwMDAwMDAsImRlbGV0ZSI6OTAwMDAwMDAwMDAwfSwic2NoZW1hX3ZlcnNpb24iOiIxIn0=",
          "create_before_destroy": true
        }
      ]
    },
    {
      "mode": "managed",
      "type": "aws_volume_attachment",
      "name": "ec2_instance_1",
      "provider": "provider[\"registry.terraform.io/hashicorp/aws\"]",
      "instances": [
        {
          "schema_version": 0,
          "attributes": {
            "device_name": "/dev/sdb",
            "force_detach": null,
            "id": "vai-781015037",
            "instance_id": "i-0705cbe8bbb6ab849",
            "skip_destroy": null,
            "stop_instance_before_detaching": null,
            "timeouts": null,
            "volume_id": "vol-031f260588914e6ea"
          },
          "sensitive_attributes": [],
          "private": "eyJlMmJmYjczMC1lY2FhLTExZTYtOGY4OC0zNDM2M2JjN2M0YzAiOnsiY3JlYXRlIjozMDAwMDAwMDAwMDAsImRlbGV0ZSI6MzAwMDAwMDAwMDAwfX0=",
          "dependencies": [
            "aws_ebs_volume.ec2_instance_1",
            "aws_instance.ec2-instance",
            "aws_key_pair.ec2-instance",
            "aws_security_group.ec2_linux",
            "aws_security_group.ec2_web"
          ]
        }
      ]
    }
  ],
  "check_results": null
}
